// !$*UTF8*$!
{
	archiveVersion = 1;
	classes = {
	};
	objectVersion = 46;
	objects = {

/* Begin PBXBuildFile section */
		FA2F49C71E3D5679007265C2 /* AppDelegate.swift in Sources */ = {isa = PBXBuildFile; fileRef = FA2F49C61E3D5679007265C2 /* AppDelegate.swift */; };
		FA2F49C91E3D5679007265C2 /* PerdictionViewController.swift in Sources */ = {isa = PBXBuildFile; fileRef = FA2F49C81E3D5679007265C2 /* PerdictionViewController.swift */; };
		FA2F49CC1E3D5679007265C2 /* Main.storyboard in Resources */ = {isa = PBXBuildFile; fileRef = FA2F49CA1E3D5679007265C2 /* Main.storyboard */; };
		FA2F49CE1E3D5679007265C2 /* Assets.xcassets in Resources */ = {isa = PBXBuildFile; fileRef = FA2F49CD1E3D5679007265C2 /* Assets.xcassets */; };
		FA2F49D11E3D5679007265C2 /* LaunchScreen.storyboard in Resources */ = {isa = PBXBuildFile; fileRef = FA2F49CF1E3D5679007265C2 /* LaunchScreen.storyboard */; };
		FA2F49DC1E3D5679007265C2 /* CalibratorTests.swift in Sources */ = {isa = PBXBuildFile; fileRef = FA2F49DB1E3D5679007265C2 /* CalibratorTests.swift */; };
		FA2F49E71E3E0B1C007265C2 /* Prediction.swift in Sources */ = {isa = PBXBuildFile; fileRef = FA2F49E61E3E0B1C007265C2 /* Prediction.swift */; };
		FA2F49E91E3E0E17007265C2 /* PredictionTableViewCell.swift in Sources */ = {isa = PBXBuildFile; fileRef = FA2F49E81E3E0E17007265C2 /* PredictionTableViewCell.swift */; };
		FA2F49EB1E3E15A3007265C2 /* PredictionTableViewController.swift in Sources */ = {isa = PBXBuildFile; fileRef = FA2F49EA1E3E15A3007265C2 /* PredictionTableViewController.swift */; };
		FA9D67931E91080B00A103B9 /* GraphView.swift in Sources */ = {isa = PBXBuildFile; fileRef = FA9D67921E91080B00A103B9 /* GraphView.swift */; };
		FAA7AD7D1E957113007C24CA /* Storage.swift in Sources */ = {isa = PBXBuildFile; fileRef = FAA7AD7C1E957113007C24CA /* Storage.swift */; };
		FAA7AD7F1E98F742007C24CA /* SegueHandlerType.swift in Sources */ = {isa = PBXBuildFile; fileRef = FAA7AD7E1E98F742007C24CA /* SegueHandlerType.swift */; };
		FAA7AD811E98FFB4007C24CA /* PredictionGroup.swift in Sources */ = {isa = PBXBuildFile; fileRef = FAA7AD801E98FFB4007C24CA /* PredictionGroup.swift */; };
		FAA7AD851E9912C1007C24CA /* Dwifft.swift in Sources */ = {isa = PBXBuildFile; fileRef = FAA7AD841E9912C1007C24CA /* Dwifft.swift */; };
		FAA7AD871E993418007C24CA /* PredictionGraphViewController.swift in Sources */ = {isa = PBXBuildFile; fileRef = FAA7AD861E993418007C24CA /* PredictionGraphViewController.swift */; };
		FAA7AD891E9A9E13007C24CA /* Line.swift in Sources */ = {isa = PBXBuildFile; fileRef = FAA7AD881E9A9E13007C24CA /* Line.swift */; };
		FAA7AD8F1EC72651007C24CA /* LineChartViewController.swift in Sources */ = {isa = PBXBuildFile; fileRef = FAA7AD8E1EC72651007C24CA /* LineChartViewController.swift */; };
		FAA7AD911EC7269D007C24CA /* LineChart.swift in Sources */ = {isa = PBXBuildFile; fileRef = FAA7AD901EC7269D007C24CA /* LineChart.swift */; };
/* End PBXBuildFile section */

/* Begin PBXContainerItemProxy section */
		FA2F49D81E3D5679007265C2 /* PBXContainerItemProxy */ = {
			isa = PBXContainerItemProxy;
			containerPortal = FA2F49BB1E3D5679007265C2 /* Project object */;
			proxyType = 1;
			remoteGlobalIDString = FA2F49C21E3D5679007265C2;
			remoteInfo = Calibrator;
		};
/* End PBXContainerItemProxy section */

/* Begin PBXFileReference section */
		FA2F49C31E3D5679007265C2 /* Calibrator.app */ = {isa = PBXFileReference; explicitFileType = wrapper.application; includeInIndex = 0; path = Calibrator.app; sourceTree = BUILT_PRODUCTS_DIR; };
		FA2F49C61E3D5679007265C2 /* AppDelegate.swift */ = {isa = PBXFileReference; lastKnownFileType = sourcecode.swift; path = AppDelegate.swift; sourceTree = "<group>"; };
		FA2F49C81E3D5679007265C2 /* PerdictionViewController.swift */ = {isa = PBXFileReference; lastKnownFileType = sourcecode.swift; path = PerdictionViewController.swift; sourceTree = "<group>"; };
		FA2F49CB1E3D5679007265C2 /* Base */ = {isa = PBXFileReference; lastKnownFileType = file.storyboard; name = Base; path = Base.lproj/Main.storyboard; sourceTree = "<group>"; };
		FA2F49CD1E3D5679007265C2 /* Assets.xcassets */ = {isa = PBXFileReference; lastKnownFileType = folder.assetcatalog; path = Assets.xcassets; sourceTree = "<group>"; };
		FA2F49D01E3D5679007265C2 /* Base */ = {isa = PBXFileReference; lastKnownFileType = file.storyboard; name = Base; path = Base.lproj/LaunchScreen.storyboard; sourceTree = "<group>"; };
		FA2F49D21E3D5679007265C2 /* Info.plist */ = {isa = PBXFileReference; lastKnownFileType = text.plist.xml; path = Info.plist; sourceTree = "<group>"; };
		FA2F49D71E3D5679007265C2 /* CalibratorTests.xctest */ = {isa = PBXFileReference; explicitFileType = wrapper.cfbundle; includeInIndex = 0; path = CalibratorTests.xctest; sourceTree = BUILT_PRODUCTS_DIR; };
		FA2F49DB1E3D5679007265C2 /* CalibratorTests.swift */ = {isa = PBXFileReference; lastKnownFileType = sourcecode.swift; path = CalibratorTests.swift; sourceTree = "<group>"; };
		FA2F49DD1E3D5679007265C2 /* Info.plist */ = {isa = PBXFileReference; lastKnownFileType = text.plist.xml; path = Info.plist; sourceTree = "<group>"; };
		FA2F49E61E3E0B1C007265C2 /* Prediction.swift */ = {isa = PBXFileReference; fileEncoding = 4; lastKnownFileType = sourcecode.swift; path = Prediction.swift; sourceTree = "<group>"; };
		FA2F49E81E3E0E17007265C2 /* PredictionTableViewCell.swift */ = {isa = PBXFileReference; fileEncoding = 4; lastKnownFileType = sourcecode.swift; path = PredictionTableViewCell.swift; sourceTree = "<group>"; };
		FA2F49EA1E3E15A3007265C2 /* PredictionTableViewController.swift */ = {isa = PBXFileReference; fileEncoding = 4; lastKnownFileType = sourcecode.swift; path = PredictionTableViewController.swift; sourceTree = "<group>"; };
		FA9D67921E91080B00A103B9 /* GraphView.swift */ = {isa = PBXFileReference; fileEncoding = 4; lastKnownFileType = sourcecode.swift; path = GraphView.swift; sourceTree = "<group>"; };
		FAA7AD7C1E957113007C24CA /* Storage.swift */ = {isa = PBXFileReference; fileEncoding = 4; lastKnownFileType = sourcecode.swift; path = Storage.swift; sourceTree = "<group>"; };
		FAA7AD7E1E98F742007C24CA /* SegueHandlerType.swift */ = {isa = PBXFileReference; fileEncoding = 4; lastKnownFileType = sourcecode.swift; path = SegueHandlerType.swift; sourceTree = "<group>"; };
		FAA7AD801E98FFB4007C24CA /* PredictionGroup.swift */ = {isa = PBXFileReference; fileEncoding = 4; lastKnownFileType = sourcecode.swift; path = PredictionGroup.swift; sourceTree = "<group>"; };
		FAA7AD841E9912C1007C24CA /* Dwifft.swift */ = {isa = PBXFileReference; fileEncoding = 4; lastKnownFileType = sourcecode.swift; path = Dwifft.swift; sourceTree = "<group>"; };
		FAA7AD861E993418007C24CA /* PredictionGraphViewController.swift */ = {isa = PBXFileReference; fileEncoding = 4; lastKnownFileType = sourcecode.swift; path = PredictionGraphViewController.swift; sourceTree = "<group>"; };
		FAA7AD881E9A9E13007C24CA /* Line.swift */ = {isa = PBXFileReference; fileEncoding = 4; lastKnownFileType = sourcecode.swift; path = Line.swift; sourceTree = "<group>"; };
		FAA7AD8E1EC72651007C24CA /* LineChartViewController.swift */ = {isa = PBXFileReference; fileEncoding = 4; lastKnownFileType = sourcecode.swift; path = LineChartViewController.swift; sourceTree = "<group>"; };
		FAA7AD901EC7269D007C24CA /* LineChart.swift */ = {isa = PBXFileReference; fileEncoding = 4; lastKnownFileType = sourcecode.swift; path = LineChart.swift; sourceTree = "<group>"; };
/* End PBXFileReference section */

/* Begin PBXFrameworksBuildPhase section */
		FA2F49C01E3D5679007265C2 /* Frameworks */ = {
			isa = PBXFrameworksBuildPhase;
			buildActionMask = 2147483647;
			files = (
			);
			runOnlyForDeploymentPostprocessing = 0;
		};
		FA2F49D41E3D5679007265C2 /* Frameworks */ = {
			isa = PBXFrameworksBuildPhase;
			buildActionMask = 2147483647;
			files = (
			);
			runOnlyForDeploymentPostprocessing = 0;
		};
/* End PBXFrameworksBuildPhase section */

/* Begin PBXGroup section */
		FA2F49BA1E3D5679007265C2 = {
			isa = PBXGroup;
			children = (
				FA2F49C51E3D5679007265C2 /* Calibrator */,
				FA2F49DA1E3D5679007265C2 /* CalibratorTests */,
				FA2F49C41E3D5679007265C2 /* Products */,
			);
			sourceTree = "<group>";
		};
		FA2F49C41E3D5679007265C2 /* Products */ = {
			isa = PBXGroup;
			children = (
				FA2F49C31E3D5679007265C2 /* Calibrator.app */,
				FA2F49D71E3D5679007265C2 /* CalibratorTests.xctest */,
			);
			name = Products;
			sourceTree = "<group>";
		};
		FA2F49C51E3D5679007265C2 /* Calibrator */ = {
			isa = PBXGroup;
			children = (
				FA2F49E61E3E0B1C007265C2 /* Prediction.swift */,
				FAA7AD801E98FFB4007C24CA /* PredictionGroup.swift */,
				FAA7AD7C1E957113007C24CA /* Storage.swift */,
				FAA7AD7E1E98F742007C24CA /* SegueHandlerType.swift */,
				FA2F49C61E3D5679007265C2 /* AppDelegate.swift */,
				FA2F49C81E3D5679007265C2 /* PerdictionViewController.swift */,
				FA2F49E81E3E0E17007265C2 /* PredictionTableViewCell.swift */,
				FA2F49EA1E3E15A3007265C2 /* PredictionTableViewController.swift */,
				FAA7AD841E9912C1007C24CA /* Dwifft.swift */,
				FA2F49CA1E3D5679007265C2 /* Main.storyboard */,
				FA9D67921E91080B00A103B9 /* GraphView.swift */,
				FAA7AD881E9A9E13007C24CA /* Line.swift */,
				FAA7AD861E993418007C24CA /* PredictionGraphViewController.swift */,
				FAA7AD8E1EC72651007C24CA /* LineChartViewController.swift */,
				FAA7AD901EC7269D007C24CA /* LineChart.swift */,
				FA2F49CD1E3D5679007265C2 /* Assets.xcassets */,
				FA2F49CF1E3D5679007265C2 /* LaunchScreen.storyboard */,
				FA2F49D21E3D5679007265C2 /* Info.plist */,
			);
			path = Calibrator;
			sourceTree = "<group>";
		};
		FA2F49DA1E3D5679007265C2 /* CalibratorTests */ = {
			isa = PBXGroup;
			children = (
				FA2F49DB1E3D5679007265C2 /* CalibratorTests.swift */,
				FA2F49DD1E3D5679007265C2 /* Info.plist */,
			);
			path = CalibratorTests;
			sourceTree = "<group>";
		};
/* End PBXGroup section */

/* Begin PBXNativeTarget section */
		FA2F49C21E3D5679007265C2 /* Calibrator */ = {
			isa = PBXNativeTarget;
			buildConfigurationList = FA2F49E01E3D5679007265C2 /* Build configuration list for PBXNativeTarget "Calibrator" */;
			buildPhases = (
				FA2F49BF1E3D5679007265C2 /* Sources */,
				FA2F49C01E3D5679007265C2 /* Frameworks */,
				FA2F49C11E3D5679007265C2 /* Resources */,
			);
			buildRules = (
			);
			dependencies = (
			);
			name = Calibrator;
			productName = Calibrator;
			productReference = FA2F49C31E3D5679007265C2 /* Calibrator.app */;
			productType = "com.apple.product-type.application";
		};
		FA2F49D61E3D5679007265C2 /* CalibratorTests */ = {
			isa = PBXNativeTarget;
			buildConfigurationList = FA2F49E31E3D5679007265C2 /* Build configuration list for PBXNativeTarget "CalibratorTests" */;
			buildPhases = (
				FA2F49D31E3D5679007265C2 /* Sources */,
				FA2F49D41E3D5679007265C2 /* Frameworks */,
				FA2F49D51E3D5679007265C2 /* Resources */,
			);
			buildRules = (
			);
			dependencies = (
				FA2F49D91E3D5679007265C2 /* PBXTargetDependency */,
			);
			name = CalibratorTests;
			productName = CalibratorTests;
			productReference = FA2F49D71E3D5679007265C2 /* CalibratorTests.xctest */;
			productType = "com.apple.product-type.bundle.unit-test";
		};
/* End PBXNativeTarget section */

/* Begin PBXProject section */
		FA2F49BB1E3D5679007265C2 /* Project object */ = {
			isa = PBXProject;
			attributes = {
				LastSwiftUpdateCheck = 0820;
				LastUpgradeCheck = 0820;
				ORGANIZATIONNAME = "Alex Humphreys";
				TargetAttributes = {
					FA2F49C21E3D5679007265C2 = {
						CreatedOnToolsVersion = 8.2.1;
						DevelopmentTeam = YSCXPVSD32;
						ProvisioningStyle = Automatic;
					};
					FA2F49D61E3D5679007265C2 = {
						CreatedOnToolsVersion = 8.2.1;
						ProvisioningStyle = Automatic;
						TestTargetID = FA2F49C21E3D5679007265C2;
					};
				};
			};
			buildConfigurationList = FA2F49BE1E3D5679007265C2 /* Build configuration list for PBXProject "Calibrator" */;
			compatibilityVersion = "Xcode 3.2";
			developmentRegion = English;
			hasScannedForEncodings = 0;
			knownRegions = (
				en,
				Base,
			);
			mainGroup = FA2F49BA1E3D5679007265C2;
			productRefGroup = FA2F49C41E3D5679007265C2 /* Products */;
			projectDirPath = "";
			projectRoot = "";
			targets = (
				FA2F49C21E3D5679007265C2 /* Calibrator */,
				FA2F49D61E3D5679007265C2 /* CalibratorTests */,
			);
		};
/* End PBXProject section */

/* Begin PBXResourcesBuildPhase section */
		FA2F49C11E3D5679007265C2 /* Resources */ = {
			isa = PBXResourcesBuildPhase;
			buildActionMask = 2147483647;
			files = (
				FA2F49D11E3D5679007265C2 /* LaunchScreen.storyboard in Resources */,
				FA2F49CE1E3D5679007265C2 /* Assets.xcassets in Resources */,
				FA2F49CC1E3D5679007265C2 /* Main.storyboard in Resources */,
			);
			runOnlyForDeploymentPostprocessing = 0;
		};
		FA2F49D51E3D5679007265C2 /* Resources */ = {
			isa = PBXResourcesBuildPhase;
			buildActionMask = 2147483647;
			files = (
			);
			runOnlyForDeploymentPostprocessing = 0;
		};
/* End PBXResourcesBuildPhase section */

/* Begin PBXSourcesBuildPhase section */
		FA2F49BF1E3D5679007265C2 /* Sources */ = {
			isa = PBXSourcesBuildPhase;
			buildActionMask = 2147483647;
			files = (
				FA2F49E91E3E0E17007265C2 /* PredictionTableViewCell.swift in Sources */,
				FAA7AD811E98FFB4007C24CA /* PredictionGroup.swift in Sources */,
				FAA7AD7D1E957113007C24CA /* Storage.swift in Sources */,
				FAA7AD851E9912C1007C24CA /* Dwifft.swift in Sources */,
				FAA7AD911EC7269D007C24CA /* LineChart.swift in Sources */,
				FAA7AD8F1EC72651007C24CA /* LineChartViewController.swift in Sources */,
				FAA7AD871E993418007C24CA /* PredictionGraphViewController.swift in Sources */,
				FAA7AD7F1E98F742007C24CA /* SegueHandlerType.swift in Sources */,
				FA2F49C91E3D5679007265C2 /* PerdictionViewController.swift in Sources */,
				FA2F49C71E3D5679007265C2 /* AppDelegate.swift in Sources */,
				FA2F49E71E3E0B1C007265C2 /* Prediction.swift in Sources */,
				FAA7AD891E9A9E13007C24CA /* Line.swift in Sources */,
				FA2F49EB1E3E15A3007265C2 /* PredictionTableViewController.swift in Sources */,
				FA9D67931E91080B00A103B9 /* GraphView.swift in Sources */,
			);
			runOnlyForDeploymentPostprocessing = 0;
		};
		FA2F49D31E3D5679007265C2 /* Sources */ = {
			isa = PBXSourcesBuildPhase;
			buildActionMask = 2147483647;
			files = (
				FA2F49DC1E3D5679007265C2 /* CalibratorTests.swift in Sources */,
			);
			runOnlyForDeploymentPostprocessing = 0;
		};
/* End PBXSourcesBuildPhase section */

/* Begin PBXTargetDependency section */
		FA2F49D91E3D5679007265C2 /* PBXTargetDependency */ = {
			isa = PBXTargetDependency;
			target = FA2F49C21E3D5679007265C2 /* Calibrator */;
			targetProxy = FA2F49D81E3D5679007265C2 /* PBXContainerItemProxy */;
		};
/* End PBXTargetDependency section */

/* Begin PBXVariantGroup section */
		FA2F49CA1E3D5679007265C2 /* Main.storyboard */ = {
			isa = PBXVariantGroup;
			children = (
				FA2F49CB1E3D5679007265C2 /* Base */,
			);
			name = Main.storyboard;
			sourceTree = "<group>";
		};
		FA2F49CF1E3D5679007265C2 /* LaunchScreen.storyboard */ = {
			isa = PBXVariantGroup;
			children = (
				FA2F49D01E3D5679007265C2 /* Base */,
			);
			name = LaunchScreen.storyboard;
			sourceTree = "<group>";
		};
/* End PBXVariantGroup section */

/* Begin XCBuildConfiguration section */
		FA2F49DE1E3D5679007265C2 /* Debug */ = {
			isa = XCBuildConfiguration;
			buildSettings = {
				ALWAYS_SEARCH_USER_PATHS = NO;
				CLANG_ANALYZER_NONNULL = YES;
				CLANG_CXX_LANGUAGE_STANDARD = "gnu++0x";
				CLANG_CXX_LIBRARY = "libc++";
				CLANG_ENABLE_MODULES = YES;
				CLANG_ENABLE_OBJC_ARC = YES;
				CLANG_WARN_BOOL_CONVERSION = YES;
				CLANG_WARN_CONSTANT_CONVERSION = YES;
				CLANG_WARN_DIRECT_OBJC_ISA_USAGE = YES_ERROR;
				CLANG_WARN_DOCUMENTATION_COMMENTS = YES;
				CLANG_WARN_EMPTY_BODY = YES;
				CLANG_WARN_ENUM_CONVERSION = YES;
				CLANG_WARN_INFINITE_RECURSION = YES;
				CLANG_WARN_INT_CONVERSION = YES;
				CLANG_WARN_OBJC_ROOT_CLASS = YES_ERROR;
				CLANG_WARN_SUSPICIOUS_MOVE = YES;
				CLANG_WARN_UNREACHABLE_CODE = YES;
				CLANG_WARN__DUPLICATE_METHOD_MATCH = YES;
				"CODE_SIGN_IDENTITY[sdk=iphoneos*]" = "iPhone Developer";
				COPY_PHASE_STRIP = NO;
				DEBUG_INFORMATION_FORMAT = dwarf;
				ENABLE_STRICT_OBJC_MSGSEND = YES;
				ENABLE_TESTABILITY = YES;
				GCC_C_LANGUAGE_STANDARD = gnu99;
				GCC_DYNAMIC_NO_PIC = NO;
				GCC_NO_COMMON_BLOCKS = YES;
				GCC_OPTIMIZATION_LEVEL = 0;
				GCC_PREPROCESSOR_DEFINITIONS = (
					"DEBUG=1",
					"$(inherited)",
				);
				GCC_WARN_64_TO_32_BIT_CONVERSION = YES;
				GCC_WARN_ABOUT_RETURN_TYPE = YES_ERROR;
				GCC_WARN_UNDECLARED_SELECTOR = YES;
				GCC_WARN_UNINITIALIZED_AUTOS = YES_AGGRESSIVE;
				GCC_WARN_UNUSED_FUNCTION = YES;
				GCC_WARN_UNUSED_VARIABLE = YES;
				IPHONEOS_DEPLOYMENT_TARGET = 10.2;
				MTL_ENABLE_DEBUG_INFO = YES;
				ONLY_ACTIVE_ARCH = YES;
				SDKROOT = iphoneos;
				SWIFT_ACTIVE_COMPILATION_CONDITIONS = DEBUG;
				SWIFT_OPTIMIZATION_LEVEL = "-Onone";
				TARGETED_DEVICE_FAMILY = "1,2";
			};
			name = Debug;
		};
		FA2F49DF1E3D5679007265C2 /* Release */ = {
			isa = XCBuildConfiguration;
			buildSettings = {
				ALWAYS_SEARCH_USER_PATHS = NO;
				CLANG_ANALYZER_NONNULL = YES;
				CLANG_CXX_LANGUAGE_STANDARD = "gnu++0x";
				CLANG_CXX_LIBRARY = "libc++";
				CLANG_ENABLE_MODULES = YES;
				CLANG_ENABLE_OBJC_ARC = YES;
				CLANG_WARN_BOOL_CONVERSION = YES;
				CLANG_WARN_CONSTANT_CONVERSION = YES;
				CLANG_WARN_DIRECT_OBJC_ISA_USAGE = YES_ERROR;
				CLANG_WARN_DOCUMENTATION_COMMENTS = YES;
				CLANG_WARN_EMPTY_BODY = YES;
				CLANG_WARN_ENUM_CONVERSION = YES;
				CLANG_WARN_INFINITE_RECURSION = YES;
				CLANG_WARN_INT_CONVERSION = YES;
				CLANG_WARN_OBJC_ROOT_CLASS = YES_ERROR;
				CLANG_WARN_SUSPICIOUS_MOVE = YES;
				CLANG_WARN_UNREACHABLE_CODE = YES;
				CLANG_WARN__DUPLICATE_METHOD_MATCH = YES;
				"CODE_SIGN_IDENTITY[sdk=iphoneos*]" = "iPhone Developer";
				COPY_PHASE_STRIP = NO;
				DEBUG_INFORMATION_FORMAT = "dwarf-with-dsym";
				ENABLE_NS_ASSERTIONS = NO;
				ENABLE_STRICT_OBJC_MSGSEND = YES;
				GCC_C_LANGUAGE_STANDARD = gnu99;
				GCC_NO_COMMON_BLOCKS = YES;
				GCC_WARN_64_TO_32_BIT_CONVERSION = YES;
				GCC_WARN_ABOUT_RETURN_TYPE = YES_ERROR;
				GCC_WARN_UNDECLARED_SELECTOR = YES;
				GCC_WARN_UNINITIALIZED_AUTOS = YES_AGGRESSIVE;
				GCC_WARN_UNUSED_FUNCTION = YES;
				GCC_WARN_UNUSED_VARIABLE = YES;
				IPHONEOS_DEPLOYMENT_TARGET = 10.2;
				MTL_ENABLE_DEBUG_INFO = NO;
				SDKROOT = iphoneos;
				SWIFT_OPTIMIZATION_LEVEL = "-Owholemodule";
				TARGETED_DEVICE_FAMILY = "1,2";
				VALIDATE_PRODUCT = YES;
			};
			name = Release;
		};
		FA2F49E11E3D5679007265C2 /* Debug */ = {
			isa = XCBuildConfiguration;
			buildSettings = {
				ASSETCATALOG_COMPILER_APPICON_NAME = AppIcon;
				DEVELOPMENT_TEAM = YSCXPVSD32;
				INFOPLIST_FILE = Calibrator/Info.plist;
				LD_RUNPATH_SEARCH_PATHS = "$(inherited) @executable_path/Frameworks";
				PRODUCT_BUNDLE_IDENTIFIER = com.example.Calibrator;
				PRODUCT_NAME = "$(TARGET_NAME)";
				SWIFT_VERSION = 3.0;
			};
			name = Debug;
		};
		FA2F49E21E3D5679007265C2 /* Release */ = {
			isa = XCBuildConfiguration;
			buildSettings = {
				ASSETCATALOG_COMPILER_APPICON_NAME = AppIcon;
				DEVELOPMENT_TEAM = YSCXPVSD32;
				INFOPLIST_FILE = Calibrator/Info.plist;
				LD_RUNPATH_SEARCH_PATHS = "$(inherited) @executable_path/Frameworks";
				PRODUCT_BUNDLE_IDENTIFIER = com.example.Calibrator;
				PRODUCT_NAME = "$(TARGET_NAME)";
				SWIFT_VERSION = 3.0;
			};
			name = Release;
		};
		FA2F49E41E3D5679007265C2 /* Debug */ = {
			isa = XCBuildConfiguration;
			buildSettings = {
				ALWAYS_EMBED_SWIFT_STANDARD_LIBRARIES = YES;
				BUNDLE_LOADER = "$(TEST_HOST)";
				INFOPLIST_FILE = CalibratorTests/Info.plist;
				LD_RUNPATH_SEARCH_PATHS = "$(inherited) @executable_path/Frameworks @loader_path/Frameworks";
				PRODUCT_BUNDLE_IDENTIFIER = com.example.CalibratorTests;
				PRODUCT_NAME = "$(TARGET_NAME)";
				SWIFT_VERSION = 3.0;
				TEST_HOST = "$(BUILT_PRODUCTS_DIR)/Calibrator.app/Calibrator";
			};
			name = Debug;
		};
		FA2F49E51E3D5679007265C2 /* Release */ = {
			isa = XCBuildConfiguration;
			buildSettings = {
				ALWAYS_EMBED_SWIFT_STANDARD_LIBRARIES = YES;
				BUNDLE_LOADER = "$(TEST_HOST)";
				INFOPLIST_FILE = CalibratorTests/Info.plist;
				LD_RUNPATH_SEARCH_PATHS = "$(inherited) @executable_path/Frameworks @loader_path/Frameworks";
				PRODUCT_BUNDLE_IDENTIFIER = com.example.CalibratorTests;
				PRODUCT_NAME = "$(TARGET_NAME)";
				SWIFT_VERSION = 3.0;
				TEST_HOST = "$(BUILT_PRODUCTS_DIR)/Calibrator.app/Calibrator";
			};
			name = Release;
		};
/* End XCBuildConfiguration section */

/* Begin XCConfigurationList section */
		FA2F49BE1E3D5679007265C2 /* Build configuration list for PBXProject "Calibrator" */ = {
			isa = XCConfigurationList;
			buildConfigurations = (
				FA2F49DE1E3D5679007265C2 /* Debug */,
				FA2F49DF1E3D5679007265C2 /* Release */,
			);
			defaultConfigurationIsVisible = 0;
			defaultConfigurationName = Release;
		};
		FA2F49E01E3D5679007265C2 /* Build configuration list for PBXNativeTarget "Calibrator" */ = {
			isa = XCConfigurationList;
			buildConfigurations = (
				FA2F49E11E3D5679007265C2 /* Debug */,
				FA2F49E21E3D5679007265C2 /* Release */,
			);
			defaultConfigurationIsVisible = 0;
			defaultConfigurationName = Release;
		};
		FA2F49E31E3D5679007265C2 /* Build configuration list for PBXNativeTarget "CalibratorTests" */ = {
			isa = XCConfigurationList;
			buildConfigurations = (
				FA2F49E41E3D5679007265C2 /* Debug */,
				FA2F49E51E3D5679007265C2 /* Release */,
			);
			defaultConfigurationIsVisible = 0;
			defaultConfigurationName = Release;
		};
/* End XCConfigurationList section */
	};
	rootObject = FA2F49BB1E3D5679007265C2 /* Project object */;
}
